// !$*UTF8*$!
{
	archiveVersion = 1;
	classes = {
	};
	objectVersion = 51;
	objects = {

/* Begin PBXBuildFile section */
		5F83FFD65025083D96BD7813 /* Pods_GIOS.framework in Frameworks */ = {isa = PBXBuildFile; fileRef = E4A8907BFAA4D317DBCAAEFB /* Pods_GIOS.framework */; };
		FF98CA1025D4EB78002C08A8 /* AppDelegate.swift in Sources */ = {isa = PBXBuildFile; fileRef = FF98CA0F25D4EB78002C08A8 /* AppDelegate.swift */; };
		FF98CA1225D4EB78002C08A8 /* SceneDelegate.swift in Sources */ = {isa = PBXBuildFile; fileRef = FF98CA1125D4EB78002C08A8 /* SceneDelegate.swift */; };
		FF98CA1725D4EB78002C08A8 /* Main.storyboard in Resources */ = {isa = PBXBuildFile; fileRef = FF98CA1525D4EB78002C08A8 /* Main.storyboard */; };
		FF98CA1925D4EB7A002C08A8 /* Assets.xcassets in Resources */ = {isa = PBXBuildFile; fileRef = FF98CA1825D4EB7A002C08A8 /* Assets.xcassets */; };
		FF98CA1C25D4EB7A002C08A8 /* LaunchScreen.storyboard in Resources */ = {isa = PBXBuildFile; fileRef = FF98CA1A25D4EB7A002C08A8 /* LaunchScreen.storyboard */; };
		FF98CA3025D4ED1D002C08A8 /* MenuViewController.swift in Sources */ = {isa = PBXBuildFile; fileRef = FF98CA2F25D4ED1D002C08A8 /* MenuViewController.swift */; };
		FFB2D6C825D4F441008BD97E /* CustomColor.swift in Sources */ = {isa = PBXBuildFile; fileRef = FFB2D6C725D4F441008BD97E /* CustomColor.swift */; };
		FFB2D71225D507D5008BD97E /* Wemakeprice-SemiBold.ttf in Resources */ = {isa = PBXBuildFile; fileRef = FFB2D70F25D507D5008BD97E /* Wemakeprice-SemiBold.ttf */; };
		FFB2D71325D507D5008BD97E /* Wemakeprice-Regular.ttf in Resources */ = {isa = PBXBuildFile; fileRef = FFB2D71025D507D5008BD97E /* Wemakeprice-Regular.ttf */; };
		FFB2D71425D507D5008BD97E /* Wemakeprice-Bold.ttf in Resources */ = {isa = PBXBuildFile; fileRef = FFB2D71125D507D5008BD97E /* Wemakeprice-Bold.ttf */; };
		FFB2D71725D507EC008BD97E /* CustomFont.swift in Sources */ = {isa = PBXBuildFile; fileRef = FFB2D71625D507EC008BD97E /* CustomFont.swift */; };
		FFB2D71D25D52B1D008BD97E /* SignViewController.swift in Sources */ = {isa = PBXBuildFile; fileRef = FFB2D71C25D52B1D008BD97E /* SignViewController.swift */; };
		FFB2D72125D52D0E008BD97E /* CustomButton.swift in Sources */ = {isa = PBXBuildFile; fileRef = FFB2D72025D52D0E008BD97E /* CustomButton.swift */; };
		FFB2D72425D54887008BD97E /* CustomLabel.swift in Sources */ = {isa = PBXBuildFile; fileRef = FFB2D72325D54887008BD97E /* CustomLabel.swift */; };
		FFB2D72725D54BAF008BD97E /* CustomTextField.swift in Sources */ = {isa = PBXBuildFile; fileRef = FFB2D72625D54BAF008BD97E /* CustomTextField.swift */; };
		FFB2D73F25D582FF008BD97E /* logo.gif in Resources */ = {isa = PBXBuildFile; fileRef = FFB2D73E25D582FF008BD97E /* logo.gif */; };
/* End PBXBuildFile section */

/* Begin PBXFileReference section */
		9F4989262DD02F549DBEDF82 /* Pods-GIOS.release.xcconfig */ = {isa = PBXFileReference; includeInIndex = 1; lastKnownFileType = text.xcconfig; name = "Pods-GIOS.release.xcconfig"; path = "Target Support Files/Pods-GIOS/Pods-GIOS.release.xcconfig"; sourceTree = "<group>"; };
		E4A8907BFAA4D317DBCAAEFB /* Pods_GIOS.framework */ = {isa = PBXFileReference; explicitFileType = wrapper.framework; includeInIndex = 0; path = Pods_GIOS.framework; sourceTree = BUILT_PRODUCTS_DIR; };
		F98E9EE8845CB93582987AA8 /* Pods-GIOS.debug.xcconfig */ = {isa = PBXFileReference; includeInIndex = 1; lastKnownFileType = text.xcconfig; name = "Pods-GIOS.debug.xcconfig"; path = "Target Support Files/Pods-GIOS/Pods-GIOS.debug.xcconfig"; sourceTree = "<group>"; };
		FF98CA0C25D4EB78002C08A8 /* GIOS.app */ = {isa = PBXFileReference; explicitFileType = wrapper.application; includeInIndex = 0; path = GIOS.app; sourceTree = BUILT_PRODUCTS_DIR; };
		FF98CA0F25D4EB78002C08A8 /* AppDelegate.swift */ = {isa = PBXFileReference; lastKnownFileType = sourcecode.swift; path = AppDelegate.swift; sourceTree = "<group>"; };
		FF98CA1125D4EB78002C08A8 /* SceneDelegate.swift */ = {isa = PBXFileReference; lastKnownFileType = sourcecode.swift; path = SceneDelegate.swift; sourceTree = "<group>"; };
		FF98CA1625D4EB78002C08A8 /* Base */ = {isa = PBXFileReference; lastKnownFileType = file.storyboard; name = Base; path = Base.lproj/Main.storyboard; sourceTree = "<group>"; };
		FF98CA1825D4EB7A002C08A8 /* Assets.xcassets */ = {isa = PBXFileReference; lastKnownFileType = folder.assetcatalog; path = Assets.xcassets; sourceTree = "<group>"; };
		FF98CA1B25D4EB7A002C08A8 /* Base */ = {isa = PBXFileReference; lastKnownFileType = file.storyboard; name = Base; path = Base.lproj/LaunchScreen.storyboard; sourceTree = "<group>"; };
		FF98CA1D25D4EB7A002C08A8 /* Info.plist */ = {isa = PBXFileReference; lastKnownFileType = text.plist.xml; path = Info.plist; sourceTree = "<group>"; };
		FF98CA2F25D4ED1D002C08A8 /* MenuViewController.swift */ = {isa = PBXFileReference; lastKnownFileType = sourcecode.swift; path = MenuViewController.swift; sourceTree = "<group>"; };
		FFB2D6C725D4F441008BD97E /* CustomColor.swift */ = {isa = PBXFileReference; lastKnownFileType = sourcecode.swift; path = CustomColor.swift; sourceTree = "<group>"; };
		FFB2D70F25D507D5008BD97E /* Wemakeprice-SemiBold.ttf */ = {isa = PBXFileReference; lastKnownFileType = file; path = "Wemakeprice-SemiBold.ttf"; sourceTree = "<group>"; };
		FFB2D71025D507D5008BD97E /* Wemakeprice-Regular.ttf */ = {isa = PBXFileReference; lastKnownFileType = file; path = "Wemakeprice-Regular.ttf"; sourceTree = "<group>"; };
		FFB2D71125D507D5008BD97E /* Wemakeprice-Bold.ttf */ = {isa = PBXFileReference; lastKnownFileType = file; path = "Wemakeprice-Bold.ttf"; sourceTree = "<group>"; };
		FFB2D71625D507EC008BD97E /* CustomFont.swift */ = {isa = PBXFileReference; lastKnownFileType = sourcecode.swift; path = CustomFont.swift; sourceTree = "<group>"; };
		FFB2D71C25D52B1D008BD97E /* SignViewController.swift */ = {isa = PBXFileReference; lastKnownFileType = sourcecode.swift; path = SignViewController.swift; sourceTree = "<group>"; };
		FFB2D72025D52D0E008BD97E /* CustomButton.swift */ = {isa = PBXFileReference; lastKnownFileType = sourcecode.swift; path = CustomButton.swift; sourceTree = "<group>"; };
		FFB2D72325D54887008BD97E /* CustomLabel.swift */ = {isa = PBXFileReference; lastKnownFileType = sourcecode.swift; path = CustomLabel.swift; sourceTree = "<group>"; };
		FFB2D72625D54BAF008BD97E /* CustomTextField.swift */ = {isa = PBXFileReference; lastKnownFileType = sourcecode.swift; path = CustomTextField.swift; sourceTree = "<group>"; };
		FFB2D73E25D582FF008BD97E /* logo.gif */ = {isa = PBXFileReference; lastKnownFileType = image.gif; path = logo.gif; sourceTree = "<group>"; };
/* End PBXFileReference section */

/* Begin PBXFrameworksBuildPhase section */
		FF98CA0925D4EB78002C08A8 /* Frameworks */ = {
			isa = PBXFrameworksBuildPhase;
			buildActionMask = 2147483647;
			files = (
				5F83FFD65025083D96BD7813 /* Pods_GIOS.framework in Frameworks */,
			);
			runOnlyForDeploymentPostprocessing = 0;
		};
/* End PBXFrameworksBuildPhase section */

/* Begin PBXGroup section */
		00EA016473999292A9B07276 /* Frameworks */ = {
			isa = PBXGroup;
			children = (
				E4A8907BFAA4D317DBCAAEFB /* Pods_GIOS.framework */,
			);
			name = Frameworks;
			sourceTree = "<group>";
		};
		F34239E4CF7225BBAAA9707F /* Pods */ = {
			isa = PBXGroup;
			children = (
				F98E9EE8845CB93582987AA8 /* Pods-GIOS.debug.xcconfig */,
				9F4989262DD02F549DBEDF82 /* Pods-GIOS.release.xcconfig */,
			);
			path = Pods;
			sourceTree = "<group>";
		};
		FF98CA0325D4EB78002C08A8 = {
			isa = PBXGroup;
			children = (
				FF98CA0E25D4EB78002C08A8 /* GIOS */,
				FF98CA0D25D4EB78002C08A8 /* Products */,
				F34239E4CF7225BBAAA9707F /* Pods */,
				00EA016473999292A9B07276 /* Frameworks */,
			);
			sourceTree = "<group>";
		};
		FF98CA0D25D4EB78002C08A8 /* Products */ = {
			isa = PBXGroup;
			children = (
				FF98CA0C25D4EB78002C08A8 /* GIOS.app */,
			);
			name = Products;
			sourceTree = "<group>";
		};
		FF98CA0E25D4EB78002C08A8 /* GIOS */ = {
			isa = PBXGroup;
			children = (
				FFB2D74225D584E7008BD97E /* GIF */,
				FF98CA2825D4EB99002C08A8 /* Extension */,
				FF98CA2625D4EB90002C08A8 /* Model */,
				FF98CA2725D4EB95002C08A8 /* View */,
				FF98CA2425D4EB85002C08A8 /* Controller */,
				FF98CA0F25D4EB78002C08A8 /* AppDelegate.swift */,
				FF98CA1125D4EB78002C08A8 /* SceneDelegate.swift */,
				FF98CA1825D4EB7A002C08A8 /* Assets.xcassets */,
				FF98CA1D25D4EB7A002C08A8 /* Info.plist */,
			);
			path = GIOS;
			sourceTree = "<group>";
		};
		FF98CA2425D4EB85002C08A8 /* Controller */ = {
			isa = PBXGroup;
			children = (
				FFB2D71A25D52AEC008BD97E /* Main */,
				FFB2D71B25D52AFA008BD97E /* Sign */,
			);
			path = Controller;
			sourceTree = "<group>";
		};
		FF98CA2625D4EB90002C08A8 /* Model */ = {
			isa = PBXGroup;
			children = (
			);
			path = Model;
			sourceTree = "<group>";
		};
		FF98CA2725D4EB95002C08A8 /* View */ = {
			isa = PBXGroup;
			children = (
				FF98CA1A25D4EB7A002C08A8 /* LaunchScreen.storyboard */,
				FF98CA1525D4EB78002C08A8 /* Main.storyboard */,
			);
			path = View;
			sourceTree = "<group>";
		};
		FF98CA2825D4EB99002C08A8 /* Extension */ = {
			isa = PBXGroup;
			children = (
				FFB2D70E25D5079F008BD97E /* Font */,
				FFB2D70D25D50793008BD97E /* UI */,
			);
			path = Extension;
			sourceTree = "<group>";
		};
		FFB2D70D25D50793008BD97E /* UI */ = {
			isa = PBXGroup;
			children = (
				FFB2D6C725D4F441008BD97E /* CustomColor.swift */,
				FFB2D72025D52D0E008BD97E /* CustomButton.swift */,
				FFB2D72325D54887008BD97E /* CustomLabel.swift */,
				FFB2D72625D54BAF008BD97E /* CustomTextField.swift */,
			);
			path = UI;
			sourceTree = "<group>";
		};
		FFB2D70E25D5079F008BD97E /* Font */ = {
			isa = PBXGroup;
			children = (
				FFB2D71125D507D5008BD97E /* Wemakeprice-Bold.ttf */,
				FFB2D71025D507D5008BD97E /* Wemakeprice-Regular.ttf */,
				FFB2D70F25D507D5008BD97E /* Wemakeprice-SemiBold.ttf */,
				FFB2D71625D507EC008BD97E /* CustomFont.swift */,
			);
			path = Font;
			sourceTree = "<group>";
		};
		FFB2D71A25D52AEC008BD97E /* Main */ = {
			isa = PBXGroup;
			children = (
				FF98CA2F25D4ED1D002C08A8 /* MenuViewController.swift */,
			);
			path = Main;
			sourceTree = "<group>";
		};
		FFB2D71B25D52AFA008BD97E /* Sign */ = {
			isa = PBXGroup;
			children = (
				FFB2D71C25D52B1D008BD97E /* SignViewController.swift */,
			);
			path = Sign;
			sourceTree = "<group>";
		};
		FFB2D74225D584E7008BD97E /* GIF */ = {
			isa = PBXGroup;
			children = (
				FFB2D73E25D582FF008BD97E /* logo.gif */,
			);
			path = GIF;
			sourceTree = "<group>";
		};
/* End PBXGroup section */

/* Begin PBXNativeTarget section */
		FF98CA0B25D4EB78002C08A8 /* GIOS */ = {
			isa = PBXNativeTarget;
			buildConfigurationList = FF98CA2025D4EB7A002C08A8 /* Build configuration list for PBXNativeTarget "GIOS" */;
			buildPhases = (
				5ABE9A32C567CA9516675294 /* [CP] Check Pods Manifest.lock */,
				FF98CA0825D4EB78002C08A8 /* Sources */,
				FF98CA0925D4EB78002C08A8 /* Frameworks */,
				FF98CA0A25D4EB78002C08A8 /* Resources */,
				3B7103AB4D0E5F50D6D6435D /* [CP] Embed Pods Frameworks */,
			);
			buildRules = (
			);
			dependencies = (
			);
			name = GIOS;
			productName = GIOS;
			productReference = FF98CA0C25D4EB78002C08A8 /* GIOS.app */;
			productType = "com.apple.product-type.application";
		};
/* End PBXNativeTarget section */

/* Begin PBXProject section */
		FF98CA0425D4EB78002C08A8 /* Project object */ = {
			isa = PBXProject;
			attributes = {
				LastSwiftUpdateCheck = 1240;
				LastUpgradeCheck = 1240;
				TargetAttributes = {
					FF98CA0B25D4EB78002C08A8 = {
						CreatedOnToolsVersion = 12.4;
					};
				};
			};
			buildConfigurationList = FF98CA0725D4EB78002C08A8 /* Build configuration list for PBXProject "GIOS" */;
			compatibilityVersion = "Xcode 9.3";
			developmentRegion = en;
			hasScannedForEncodings = 0;
			knownRegions = (
				en,
				Base,
			);
			mainGroup = FF98CA0325D4EB78002C08A8;
			productRefGroup = FF98CA0D25D4EB78002C08A8 /* Products */;
			projectDirPath = "";
			projectRoot = "";
			targets = (
				FF98CA0B25D4EB78002C08A8 /* GIOS */,
			);
		};
/* End PBXProject section */

/* Begin PBXResourcesBuildPhase section */
		FF98CA0A25D4EB78002C08A8 /* Resources */ = {
			isa = PBXResourcesBuildPhase;
			buildActionMask = 2147483647;
			files = (
				FF98CA1C25D4EB7A002C08A8 /* LaunchScreen.storyboard in Resources */,
				FFB2D71225D507D5008BD97E /* Wemakeprice-SemiBold.ttf in Resources */,
				FF98CA1925D4EB7A002C08A8 /* Assets.xcassets in Resources */,
				FFB2D71425D507D5008BD97E /* Wemakeprice-Bold.ttf in Resources */,
				FFB2D73F25D582FF008BD97E /* logo.gif in Resources */,
				FFB2D71325D507D5008BD97E /* Wemakeprice-Regular.ttf in Resources */,
				FF98CA1725D4EB78002C08A8 /* Main.storyboard in Resources */,
			);
			runOnlyForDeploymentPostprocessing = 0;
		};
/* End PBXResourcesBuildPhase section */

/* Begin PBXShellScriptBuildPhase section */
		3B7103AB4D0E5F50D6D6435D /* [CP] Embed Pods Frameworks */ = {
			isa = PBXShellScriptBuildPhase;
			buildActionMask = 2147483647;
			files = (
			);
			inputFileListPaths = (
				"${PODS_ROOT}/Target Support Files/Pods-GIOS/Pods-GIOS-frameworks-${CONFIGURATION}-input-files.xcfilelist",
			);
			name = "[CP] Embed Pods Frameworks";
			outputFileListPaths = (
				"${PODS_ROOT}/Target Support Files/Pods-GIOS/Pods-GIOS-frameworks-${CONFIGURATION}-output-files.xcfilelist",
			);
			runOnlyForDeploymentPostprocessing = 0;
			shellPath = /bin/sh;
			shellScript = "\"${PODS_ROOT}/Target Support Files/Pods-GIOS/Pods-GIOS-frameworks.sh\"\n";
			showEnvVarsInLog = 0;
		};
		5ABE9A32C567CA9516675294 /* [CP] Check Pods Manifest.lock */ = {
			isa = PBXShellScriptBuildPhase;
			buildActionMask = 2147483647;
			files = (
			);
			inputFileListPaths = (
			);
			inputPaths = (
				"${PODS_PODFILE_DIR_PATH}/Podfile.lock",
				"${PODS_ROOT}/Manifest.lock",
			);
			name = "[CP] Check Pods Manifest.lock";
			outputFileListPaths = (
			);
			outputPaths = (
				"$(DERIVED_FILE_DIR)/Pods-GIOS-checkManifestLockResult.txt",
			);
			runOnlyForDeploymentPostprocessing = 0;
			shellPath = /bin/sh;
			shellScript = "diff \"${PODS_PODFILE_DIR_PATH}/Podfile.lock\" \"${PODS_ROOT}/Manifest.lock\" > /dev/null\nif [ $? != 0 ] ; then\n    # print error to STDERR\n    echo \"error: The sandbox is not in sync with the Podfile.lock. Run 'pod install' or update your CocoaPods installation.\" >&2\n    exit 1\nfi\n# This output is used by Xcode 'outputs' to avoid re-running this script phase.\necho \"SUCCESS\" > \"${SCRIPT_OUTPUT_FILE_0}\"\n";
			showEnvVarsInLog = 0;
		};
/* End PBXShellScriptBuildPhase section */

/* Begin PBXSourcesBuildPhase section */
		FF98CA0825D4EB78002C08A8 /* Sources */ = {
			isa = PBXSourcesBuildPhase;
			buildActionMask = 2147483647;
			files = (
				FF98CA1025D4EB78002C08A8 /* AppDelegate.swift in Sources */,
				FFB2D71D25D52B1D008BD97E /* SignViewController.swift in Sources */,
				FFB2D6C825D4F441008BD97E /* CustomColor.swift in Sources */,
				FFB2D71725D507EC008BD97E /* CustomFont.swift in Sources */,
				FFB2D72125D52D0E008BD97E /* CustomButton.swift in Sources */,
				FF98CA3025D4ED1D002C08A8 /* MenuViewController.swift in Sources */,
				FF98CA1225D4EB78002C08A8 /* SceneDelegate.swift in Sources */,
				FFB2D72425D54887008BD97E /* CustomLabel.swift in Sources */,
				FFB2D72725D54BAF008BD97E /* CustomTextField.swift in Sources */,
			);
			runOnlyForDeploymentPostprocessing = 0;
		};
/* End PBXSourcesBuildPhase section */

/* Begin PBXVariantGroup section */
		FF98CA1525D4EB78002C08A8 /* Main.storyboard */ = {
			isa = PBXVariantGroup;
			children = (
				FF98CA1625D4EB78002C08A8 /* Base */,
			);
			name = Main.storyboard;
			sourceTree = "<group>";
		};
		FF98CA1A25D4EB7A002C08A8 /* LaunchScreen.storyboard */ = {
			isa = PBXVariantGroup;
			children = (
				FF98CA1B25D4EB7A002C08A8 /* Base */,
			);
			name = LaunchScreen.storyboard;
			sourceTree = "<group>";
		};
/* End PBXVariantGroup section */

/* Begin XCBuildConfiguration section */
		FF98CA1E25D4EB7A002C08A8 /* Debug */ = {
			isa = XCBuildConfiguration;
			buildSettings = {
				ALWAYS_SEARCH_USER_PATHS = NO;
				CLANG_ANALYZER_NONNULL = YES;
				CLANG_ANALYZER_NUMBER_OBJECT_CONVERSION = YES_AGGRESSIVE;
				CLANG_CXX_LANGUAGE_STANDARD = "gnu++14";
				CLANG_CXX_LIBRARY = "libc++";
				CLANG_ENABLE_MODULES = YES;
				CLANG_ENABLE_OBJC_ARC = YES;
				CLANG_ENABLE_OBJC_WEAK = YES;
				CLANG_WARN_BLOCK_CAPTURE_AUTORELEASING = YES;
				CLANG_WARN_BOOL_CONVERSION = YES;
				CLANG_WARN_COMMA = YES;
				CLANG_WARN_CONSTANT_CONVERSION = YES;
				CLANG_WARN_DEPRECATED_OBJC_IMPLEMENTATIONS = YES;
				CLANG_WARN_DIRECT_OBJC_ISA_USAGE = YES_ERROR;
				CLANG_WARN_DOCUMENTATION_COMMENTS = YES;
				CLANG_WARN_EMPTY_BODY = YES;
				CLANG_WARN_ENUM_CONVERSION = YES;
				CLANG_WARN_INFINITE_RECURSION = YES;
				CLANG_WARN_INT_CONVERSION = YES;
				CLANG_WARN_NON_LITERAL_NULL_CONVERSION = YES;
				CLANG_WARN_OBJC_IMPLICIT_RETAIN_SELF = YES;
				CLANG_WARN_OBJC_LITERAL_CONVERSION = YES;
				CLANG_WARN_OBJC_ROOT_CLASS = YES_ERROR;
				CLANG_WARN_QUOTED_INCLUDE_IN_FRAMEWORK_HEADER = YES;
				CLANG_WARN_RANGE_LOOP_ANALYSIS = YES;
				CLANG_WARN_STRICT_PROTOTYPES = YES;
				CLANG_WARN_SUSPICIOUS_MOVE = YES;
				CLANG_WARN_UNGUARDED_AVAILABILITY = YES_AGGRESSIVE;
				CLANG_WARN_UNREACHABLE_CODE = YES;
				CLANG_WARN__DUPLICATE_METHOD_MATCH = YES;
				COPY_PHASE_STRIP = NO;
				DEBUG_INFORMATION_FORMAT = dwarf;
				ENABLE_STRICT_OBJC_MSGSEND = YES;
				ENABLE_TESTABILITY = YES;
				GCC_C_LANGUAGE_STANDARD = gnu11;
				GCC_DYNAMIC_NO_PIC = NO;
				GCC_NO_COMMON_BLOCKS = YES;
				GCC_OPTIMIZATION_LEVEL = 0;
				GCC_PREPROCESSOR_DEFINITIONS = (
					"DEBUG=1",
					"$(inherited)",
				);
				GCC_WARN_64_TO_32_BIT_CONVERSION = YES;
				GCC_WARN_ABOUT_RETURN_TYPE = YES_ERROR;
				GCC_WARN_UNDECLARED_SELECTOR = YES;
				GCC_WARN_UNINITIALIZED_AUTOS = YES_AGGRESSIVE;
				GCC_WARN_UNUSED_FUNCTION = YES;
				GCC_WARN_UNUSED_VARIABLE = YES;
				IPHONEOS_DEPLOYMENT_TARGET = 14.4;
				MTL_ENABLE_DEBUG_INFO = INCLUDE_SOURCE;
				MTL_FAST_MATH = YES;
				ONLY_ACTIVE_ARCH = YES;
				SDKROOT = iphoneos;
				SWIFT_ACTIVE_COMPILATION_CONDITIONS = DEBUG;
				SWIFT_OPTIMIZATION_LEVEL = "-Onone";
			};
			name = Debug;
		};
		FF98CA1F25D4EB7A002C08A8 /* Release */ = {
			isa = XCBuildConfiguration;
			buildSettings = {
				ALWAYS_SEARCH_USER_PATHS = NO;
				CLANG_ANALYZER_NONNULL = YES;
				CLANG_ANALYZER_NUMBER_OBJECT_CONVERSION = YES_AGGRESSIVE;
				CLANG_CXX_LANGUAGE_STANDARD = "gnu++14";
				CLANG_CXX_LIBRARY = "libc++";
				CLANG_ENABLE_MODULES = YES;
				CLANG_ENABLE_OBJC_ARC = YES;
				CLANG_ENABLE_OBJC_WEAK = YES;
				CLANG_WARN_BLOCK_CAPTURE_AUTORELEASING = YES;
				CLANG_WARN_BOOL_CONVERSION = YES;
				CLANG_WARN_COMMA = YES;
				CLANG_WARN_CONSTANT_CONVERSION = YES;
				CLANG_WARN_DEPRECATED_OBJC_IMPLEMENTATIONS = YES;
				CLANG_WARN_DIRECT_OBJC_ISA_USAGE = YES_ERROR;
				CLANG_WARN_DOCUMENTATION_COMMENTS = YES;
				CLANG_WARN_EMPTY_BODY = YES;
				CLANG_WARN_ENUM_CONVERSION = YES;
				CLANG_WARN_INFINITE_RECURSION = YES;
				CLANG_WARN_INT_CONVERSION = YES;
				CLANG_WARN_NON_LITERAL_NULL_CONVERSION = YES;
				CLANG_WARN_OBJC_IMPLICIT_RETAIN_SELF = YES;
				CLANG_WARN_OBJC_LITERAL_CONVERSION = YES;
				CLANG_WARN_OBJC_ROOT_CLASS = YES_ERROR;
				CLANG_WARN_QUOTED_INCLUDE_IN_FRAMEWORK_HEADER = YES;
				CLANG_WARN_RANGE_LOOP_ANALYSIS = YES;
				CLANG_WARN_STRICT_PROTOTYPES = YES;
				CLANG_WARN_SUSPICIOUS_MOVE = YES;
				CLANG_WARN_UNGUARDED_AVAILABILITY = YES_AGGRESSIVE;
				CLANG_WARN_UNREACHABLE_CODE = YES;
				CLANG_WARN__DUPLICATE_METHOD_MATCH = YES;
				COPY_PHASE_STRIP = NO;
				DEBUG_INFORMATION_FORMAT = "dwarf-with-dsym";
				ENABLE_NS_ASSERTIONS = NO;
				ENABLE_STRICT_OBJC_MSGSEND = YES;
				GCC_C_LANGUAGE_STANDARD = gnu11;
				GCC_NO_COMMON_BLOCKS = YES;
				GCC_WARN_64_TO_32_BIT_CONVERSION = YES;
				GCC_WARN_ABOUT_RETURN_TYPE = YES_ERROR;
				GCC_WARN_UNDECLARED_SELECTOR = YES;
				GCC_WARN_UNINITIALIZED_AUTOS = YES_AGGRESSIVE;
				GCC_WARN_UNUSED_FUNCTION = YES;
				GCC_WARN_UNUSED_VARIABLE = YES;
				IPHONEOS_DEPLOYMENT_TARGET = 14.4;
				MTL_ENABLE_DEBUG_INFO = NO;
				MTL_FAST_MATH = YES;
				SDKROOT = iphoneos;
				SWIFT_COMPILATION_MODE = wholemodule;
				SWIFT_OPTIMIZATION_LEVEL = "-O";
				VALIDATE_PRODUCT = YES;
			};
			name = Release;
		};
		FF98CA2125D4EB7A002C08A8 /* Debug */ = {
			isa = XCBuildConfiguration;
			baseConfigurationReference = F98E9EE8845CB93582987AA8 /* Pods-GIOS.debug.xcconfig */;
			buildSettings = {
				ASSETCATALOG_COMPILER_APPICON_NAME = AppIcon;
				ASSETCATALOG_COMPILER_GLOBAL_ACCENT_COLOR_NAME = AccentColor;
				CODE_SIGN_STYLE = Automatic;
				DEVELOPMENT_TEAM = TQ3U3269X7;
				INFOPLIST_FILE = GIOS/Info.plist;
				LD_RUNPATH_SEARCH_PATHS = (
					"$(inherited)",
					"@executable_path/Frameworks",
				);
				PRODUCT_BUNDLE_IDENTIFIER = com.jeong.GIOS;
				PRODUCT_NAME = "$(TARGET_NAME)";
				SWIFT_VERSION = 5.0;
				TARGETED_DEVICE_FAMILY = 1;
			};
			name = Debug;
		};
		FF98CA2225D4EB7A002C08A8 /* Release */ = {
			isa = XCBuildConfiguration;
			baseConfigurationReference = 9F4989262DD02F549DBEDF82 /* Pods-GIOS.release.xcconfig */;
			buildSettings = {
				ASSETCATALOG_COMPILER_APPICON_NAME = AppIcon;
				ASSETCATALOG_COMPILER_GLOBAL_ACCENT_COLOR_NAME = AccentColor;
				CODE_SIGN_STYLE = Automatic;
				DEVELOPMENT_TEAM = TQ3U3269X7;
				INFOPLIST_FILE = GIOS/Info.plist;
				LD_RUNPATH_SEARCH_PATHS = (
					"$(inherited)",
					"@executable_path/Frameworks",
				);
				PRODUCT_BUNDLE_IDENTIFIER = com.jeong.GIOS;
				PRODUCT_NAME = "$(TARGET_NAME)";
				SWIFT_VERSION = 5.0;
				TARGETED_DEVICE_FAMILY = 1;
			};
			name = Release;
		};
/* End XCBuildConfiguration section */

/* Begin XCConfigurationList section */
		FF98CA0725D4EB78002C08A8 /* Build configuration list for PBXProject "GIOS" */ = {
			isa = XCConfigurationList;
			buildConfigurations = (
				FF98CA1E25D4EB7A002C08A8 /* Debug */,
				FF98CA1F25D4EB7A002C08A8 /* Release */,
			);
			defaultConfigurationIsVisible = 0;
			defaultConfigurationName = Release;
		};
		FF98CA2025D4EB7A002C08A8 /* Build configuration list for PBXNativeTarget "GIOS" */ = {
			isa = XCConfigurationList;
			buildConfigurations = (
				FF98CA2125D4EB7A002C08A8 /* Debug */,
				FF98CA2225D4EB7A002C08A8 /* Release */,
			);
			defaultConfigurationIsVisible = 0;
			defaultConfigurationName = Release;
		};
/* End XCConfigurationList section */
	};
	rootObject = FF98CA0425D4EB78002C08A8 /* Project object */;
}
